github.com/robfig/cron/v3 v3.0.1 h1:WdRxkvbJztn8LMz/QEvLN5sBU+xKpSqwwUO1Pjr4qDs=
github.com/robfig/cron/v3 v3.0.1/go.mod h1:eQICP3HwyT7UooqI/z+Ov+PtYAWygg1TEWWzGIFLtro=
github.com/shopspring/decimal v1.3.1 h1:2Usl1nmF/WZucqkFZhnfFYxxxu8LG21F6nPQBE5gKV8=
github.com/shopspring/decimal v1.3.1/go.mod h1:DKyhrW/HYNuLGql+MJL6WCR6knT2jwCFRcu2hWCYk4o=
github.com/tangchen2018/go-utils v0.0.0-20230429034606-6b7c21cbae78 h1:fL5q7BUgJ58MGu5GYapTr3WUAFM94NXus9yhzaAsAgo=
github.com/tangchen2018/go-utils v0.0.0-20230429034606-6b7c21cbae78/go.mod h1:TVll4UyzycJxYZMq++4jQA3CDhGvyp5Tu2SFJCgvgvw=
github.com/tangchen2018/go-utils v1.0.1 h1:0jakKHPwi147DK9wupMUqrma15cMzIlyqNBn+EgE2u4=
github.com/tangchen2018/go-utils v1.0.1/go.mod h1:TVll4UyzycJxYZMq++4jQA3CDhGvyp5Tu2SFJCgvgvw=
github.com/tangchen2018/go-utils v1.0.2 h1:sCSv7pSCaGJihWa1xyG6RP486oEf8bGM8lFZmqBsFYA=
github.com/tangchen2018/go-utils v1.0.2/go.mod h1:TVll4UyzycJxYZMq++4jQA3CDhGvyp5Tu2SFJCgvgvw=
github.com/tangchen2018/go-utils v1.0.3 h1:87CjT/wDvhrR0VQOyJBasI2U5AbbykTmpGCzcDQGKrI=
github.com/tangchen2018/go-utils v1.0.3/go.mod h1:TVll4UyzycJxYZMq++4jQA3CDhGvyp5Tu2SFJCgvgvw=
github.com/tangchen2018/go-utils v1.0.4 h1:p4HxLwf1kKbob2U8zAMW7ToE1Kj71uiGbMw3nGVQMh4=
github.com/tangchen2018/go-utils v1.0.4/go.mod h1:TVll4UyzycJxYZMq++4jQA3CDhGvyp5Tu2SFJCgvgvw=
